
Microsoft Visual Studio Solution File, Format Version 12.00
# Visual Studio Version 17
VisualStudioVersion = 17.14.36616.10 d17.14
MinimumVisualStudioVersion = 10.0.40219.1
Project("{FAE04EC0-301F-11D3-BF4B-00C04F79EFBC}") = "GymApp", "GymApp\GymApp.csproj", "{EE56239B-4942-49B4-9F41-32951866F72B}"
EndProject
Global
	GlobalSection(SolutionConfigurationPlatforms) = preSolution
		Debug|Any CPU = Debug|Any CPU
		Release|Any CPU = Release|Any CPU
	EndGlobalSection
	GlobalSection(ProjectConfigurationPlatforms) = postSolution
		{EE56239B-4942-49B4-9F41-32951866F72B}.Debug|Any CPU.ActiveCfg = Debug|Any CPU
		{EE56239B-4942-49B4-9F41-32951866F72B}.Debug|Any CPU.Build.0 = Debug|Any CPU
		{EE56239B-4942-49B4-9F41-32951866F72B}.Release|Any CPU.ActiveCfg = Release|Any CPU
		{EE56239B-4942-49B4-9F41-32951866F72B}.Release|Any CPU.Build.0 = Release|Any CPU
	EndGlobalSection
	GlobalSection(SolutionProperties) = preSolution
		HideSolutionNode = FALSE
	EndGlobalSection
	GlobalSection(ExtensibilityGlobals) = postSolution
		SolutionGuid = {18FFECE4-DC8C-4870-816F-184A03CC08C5}
	EndGlobalSection
EndGlobal
